
Microsoft Visual Studio Solution File, Format Version 12.00
# Visual Studio Version 17
VisualStudioVersion = 17.5.33530.505
MinimumVisualStudioVersion = 10.0.40219.1
Project("{9A19103F-16F7-4668-BE54-9A1E7A4F7556}") = "UniversityProgram.Api", "UniversityProgram.Api\UniversityProgram.Api.csproj", "{36D196BE-CF47-401E-8D7F-3B6AAF760B4D}"
EndProject
Project("{9A19103F-16F7-4668-BE54-9A1E7A4F7556}") = "UniversityProgram.Data", "UniversityProgram.Data\UniversityProgram.Data.csproj", "{361F65D6-EC3D-4F71-8FFC-AFDD588E4644}"
EndProject
Project("{9A19103F-16F7-4668-BE54-9A1E7A4F7556}") = "UniversityProgram.BLL", "UniversityProgram.BLL\UniversityProgram.BLL.csproj", "{BA9E2F4A-7C09-4B4E-AC89-006DE9D89401}"
EndProject
Project("{9A19103F-16F7-4668-BE54-9A1E7A4F7556}") = "UniversityProgram.BLL.Tests", "UniversityProgram.BLL.Tests\UniversityProgram.BLL.Tests.csproj", "{A1C5581A-134F-4788-8BCA-F03C6590518E}"
EndProject
Project("{9A19103F-16F7-4668-BE54-9A1E7A4F7556}") = "NewApi", "NewApi\NewApi.csproj", "{01648AEC-8ABD-486B-BFC1-62AC2458EB28}"
EndProject
Project("{9A19103F-16F7-4668-BE54-9A1E7A4F7556}") = "UniversityProgram.Domain", "UniversityProgram.Domain\UniversityProgram.Domain.csproj", "{F6864B2B-2AF0-423F-8927-2FA5A1D356A9}"
EndProject
Project("{9A19103F-16F7-4668-BE54-9A1E7A4F7556}") = "UniversityProgram.LocalData", "UniversityProgram.LocalData\UniversityProgram.LocalData.csproj", "{047C60F1-51A8-4191-8B2F-36B04D02D600}"
EndProject
Project("{FAE04EC0-301F-11D3-BF4B-00C04F79EFBC}") = "DbFirst.Api", "DbFirst.Api\DbFirst.Api.csproj", "{7A239096-7B41-4936-BE03-CCA20D089D68}"
EndProject
Project("{FAE04EC0-301F-11D3-BF4B-00C04F79EFBC}") = "UniversityProgram.Console", "UniversityProgram.Console\UniversityProgram.Console.csproj", "{E750CDD8-ABA2-40AC-85D6-E7E0C6D5A008}"
EndProject
Global
	GlobalSection(SolutionConfigurationPlatforms) = preSolution
		Debug|Any CPU = Debug|Any CPU
		Release|Any CPU = Release|Any CPU
	EndGlobalSection
	GlobalSection(ProjectConfigurationPlatforms) = postSolution
		{36D196BE-CF47-401E-8D7F-3B6AAF760B4D}.Debug|Any CPU.ActiveCfg = Debug|Any CPU
		{36D196BE-CF47-401E-8D7F-3B6AAF760B4D}.Debug|Any CPU.Build.0 = Debug|Any CPU
		{36D196BE-CF47-401E-8D7F-3B6AAF760B4D}.Release|Any CPU.ActiveCfg = Release|Any CPU
		{36D196BE-CF47-401E-8D7F-3B6AAF760B4D}.Release|Any CPU.Build.0 = Release|Any CPU
		{361F65D6-EC3D-4F71-8FFC-AFDD588E4644}.Debug|Any CPU.ActiveCfg = Debug|Any CPU
		{361F65D6-EC3D-4F71-8FFC-AFDD588E4644}.Debug|Any CPU.Build.0 = Debug|Any CPU
		{361F65D6-EC3D-4F71-8FFC-AFDD588E4644}.Release|Any CPU.ActiveCfg = Release|Any CPU
		{361F65D6-EC3D-4F71-8FFC-AFDD588E4644}.Release|Any CPU.Build.0 = Release|Any CPU
		{BA9E2F4A-7C09-4B4E-AC89-006DE9D89401}.Debug|Any CPU.ActiveCfg = Debug|Any CPU
		{BA9E2F4A-7C09-4B4E-AC89-006DE9D89401}.Debug|Any CPU.Build.0 = Debug|Any CPU
		{BA9E2F4A-7C09-4B4E-AC89-006DE9D89401}.Release|Any CPU.ActiveCfg = Release|Any CPU
		{BA9E2F4A-7C09-4B4E-AC89-006DE9D89401}.Release|Any CPU.Build.0 = Release|Any CPU
		{A1C5581A-134F-4788-8BCA-F03C6590518E}.Debug|Any CPU.ActiveCfg = Debug|Any CPU
		{A1C5581A-134F-4788-8BCA-F03C6590518E}.Debug|Any CPU.Build.0 = Debug|Any CPU
		{A1C5581A-134F-4788-8BCA-F03C6590518E}.Release|Any CPU.ActiveCfg = Release|Any CPU
		{A1C5581A-134F-4788-8BCA-F03C6590518E}.Release|Any CPU.Build.0 = Release|Any CPU
		{01648AEC-8ABD-486B-BFC1-62AC2458EB28}.Debug|Any CPU.ActiveCfg = Debug|Any CPU
		{01648AEC-8ABD-486B-BFC1-62AC2458EB28}.Debug|Any CPU.Build.0 = Debug|Any CPU
		{01648AEC-8ABD-486B-BFC1-62AC2458EB28}.Release|Any CPU.ActiveCfg = Release|Any CPU
		{01648AEC-8ABD-486B-BFC1-62AC2458EB28}.Release|Any CPU.Build.0 = Release|Any CPU
		{F6864B2B-2AF0-423F-8927-2FA5A1D356A9}.Debug|Any CPU.ActiveCfg = Debug|Any CPU
		{F6864B2B-2AF0-423F-8927-2FA5A1D356A9}.Debug|Any CPU.Build.0 = Debug|Any CPU
		{F6864B2B-2AF0-423F-8927-2FA5A1D356A9}.Release|Any CPU.ActiveCfg = Release|Any CPU
		{F6864B2B-2AF0-423F-8927-2FA5A1D356A9}.Release|Any CPU.Build.0 = Release|Any CPU
		{047C60F1-51A8-4191-8B2F-36B04D02D600}.Debug|Any CPU.ActiveCfg = Debug|Any CPU
		{047C60F1-51A8-4191-8B2F-36B04D02D600}.Debug|Any CPU.Build.0 = Debug|Any CPU
		{047C60F1-51A8-4191-8B2F-36B04D02D600}.Release|Any CPU.ActiveCfg = Release|Any CPU
		{047C60F1-51A8-4191-8B2F-36B04D02D600}.Release|Any CPU.Build.0 = Release|Any CPU
		{7A239096-7B41-4936-BE03-CCA20D089D68}.Debug|Any CPU.ActiveCfg = Debug|Any CPU
		{7A239096-7B41-4936-BE03-CCA20D089D68}.Debug|Any CPU.Build.0 = Debug|Any CPU
		{7A239096-7B41-4936-BE03-CCA20D089D68}.Release|Any CPU.ActiveCfg = Release|Any CPU
		{7A239096-7B41-4936-BE03-CCA20D089D68}.Release|Any CPU.Build.0 = Release|Any CPU
		{E750CDD8-ABA2-40AC-85D6-E7E0C6D5A008}.Debug|Any CPU.ActiveCfg = Debug|Any CPU
		{E750CDD8-ABA2-40AC-85D6-E7E0C6D5A008}.Debug|Any CPU.Build.0 = Debug|Any CPU
		{E750CDD8-ABA2-40AC-85D6-E7E0C6D5A008}.Release|Any CPU.ActiveCfg = Release|Any CPU
		{E750CDD8-ABA2-40AC-85D6-E7E0C6D5A008}.Release|Any CPU.Build.0 = Release|Any CPU
	EndGlobalSection
	GlobalSection(SolutionProperties) = preSolution
		HideSolutionNode = FALSE
	EndGlobalSection
	GlobalSection(ExtensibilityGlobals) = postSolution
		SolutionGuid = {80EDD9C1-ADD0-45CD-9566-C13FC867F1AB}
	EndGlobalSection
EndGlobal
